
Microsoft Visual Studio Solution File, Format Version 12.00
# Visual Studio Version 17
VisualStudioVersion = 17.0.31903.59
MinimumVisualStudioVersion = 10.0.40219.1
Project("{FAE04EC0-301F-11D3-BF4B-00C04F79EFBC}") = "Service", "Service\Service.csproj", "{D96B4BAE-805C-4373-9FCE-7FC514AFD463}"
EndProject
Project("{FAE04EC0-301F-11D3-BF4B-00C04F79EFBC}") = "Security", "Security\Security.csproj", "{7C5096F0-25BF-4825-BB1D-F15CE8030D69}"
EndProject
Project("{FAE04EC0-301F-11D3-BF4B-00C04F79EFBC}") = "ProEventos.API", "ProEventos.API\ProEventos.API.csproj", "{1FCCD765-B4DA-428B-907A-095D7784A428}"
EndProject
Project("{FAE04EC0-301F-11D3-BF4B-00C04F79EFBC}") = "Persistence", "Persistence\Persistence.csproj", "{B06AAC01-93A0-4B7D-97BF-8368F6E66C95}"
EndProject
Project("{FAE04EC0-301F-11D3-BF4B-00C04F79EFBC}") = "Domain", "Domain\Domain.csproj", "{1E76AAC7-1147-4EE2-A309-EE81532EB702}"
EndProject
Project("{FAE04EC0-301F-11D3-BF4B-00C04F79EFBC}") = "DataModelingLayer", "DataModelingLayer\DataModelingLayer.csproj", "{9061F894-C22C-48A9-A3D5-7E739DB66FC3}"
EndProject
Project("{FAE04EC0-301F-11D3-BF4B-00C04F79EFBC}") = "Application", "Application\Application.csproj", "{81F0CEAB-4678-4EFF-8FCE-FBB348014E7D}"
EndProject
Global
	GlobalSection(SolutionConfigurationPlatforms) = preSolution
		Debug|Any CPU = Debug|Any CPU
		Release|Any CPU = Release|Any CPU
	EndGlobalSection
	GlobalSection(SolutionProperties) = preSolution
		HideSolutionNode = FALSE
	EndGlobalSection
	GlobalSection(ProjectConfigurationPlatforms) = postSolution
		{D96B4BAE-805C-4373-9FCE-7FC514AFD463}.Debug|Any CPU.ActiveCfg = Debug|Any CPU
		{D96B4BAE-805C-4373-9FCE-7FC514AFD463}.Debug|Any CPU.Build.0 = Debug|Any CPU
		{D96B4BAE-805C-4373-9FCE-7FC514AFD463}.Release|Any CPU.ActiveCfg = Release|Any CPU
		{D96B4BAE-805C-4373-9FCE-7FC514AFD463}.Release|Any CPU.Build.0 = Release|Any CPU
		{7C5096F0-25BF-4825-BB1D-F15CE8030D69}.Debug|Any CPU.ActiveCfg = Debug|Any CPU
		{7C5096F0-25BF-4825-BB1D-F15CE8030D69}.Debug|Any CPU.Build.0 = Debug|Any CPU
		{7C5096F0-25BF-4825-BB1D-F15CE8030D69}.Release|Any CPU.ActiveCfg = Release|Any CPU
		{7C5096F0-25BF-4825-BB1D-F15CE8030D69}.Release|Any CPU.Build.0 = Release|Any CPU
		{1FCCD765-B4DA-428B-907A-095D7784A428}.Debug|Any CPU.ActiveCfg = Debug|Any CPU
		{1FCCD765-B4DA-428B-907A-095D7784A428}.Debug|Any CPU.Build.0 = Debug|Any CPU
		{1FCCD765-B4DA-428B-907A-095D7784A428}.Release|Any CPU.ActiveCfg = Release|Any CPU
		{1FCCD765-B4DA-428B-907A-095D7784A428}.Release|Any CPU.Build.0 = Release|Any CPU
		{B06AAC01-93A0-4B7D-97BF-8368F6E66C95}.Debug|Any CPU.ActiveCfg = Debug|Any CPU
		{B06AAC01-93A0-4B7D-97BF-8368F6E66C95}.Debug|Any CPU.Build.0 = Debug|Any CPU
		{B06AAC01-93A0-4B7D-97BF-8368F6E66C95}.Release|Any CPU.ActiveCfg = Release|Any CPU
		{B06AAC01-93A0-4B7D-97BF-8368F6E66C95}.Release|Any CPU.Build.0 = Release|Any CPU
		{1E76AAC7-1147-4EE2-A309-EE81532EB702}.Debug|Any CPU.ActiveCfg = Debug|Any CPU
		{1E76AAC7-1147-4EE2-A309-EE81532EB702}.Debug|Any CPU.Build.0 = Debug|Any CPU
		{1E76AAC7-1147-4EE2-A309-EE81532EB702}.Release|Any CPU.ActiveCfg = Release|Any CPU
		{1E76AAC7-1147-4EE2-A309-EE81532EB702}.Release|Any CPU.Build.0 = Release|Any CPU
		{9061F894-C22C-48A9-A3D5-7E739DB66FC3}.Debug|Any CPU.ActiveCfg = Debug|Any CPU
		{9061F894-C22C-48A9-A3D5-7E739DB66FC3}.Debug|Any CPU.Build.0 = Debug|Any CPU
		{9061F894-C22C-48A9-A3D5-7E739DB66FC3}.Release|Any CPU.ActiveCfg = Release|Any CPU
		{9061F894-C22C-48A9-A3D5-7E739DB66FC3}.Release|Any CPU.Build.0 = Release|Any CPU
		{81F0CEAB-4678-4EFF-8FCE-FBB348014E7D}.Debug|Any CPU.ActiveCfg = Debug|Any CPU
		{81F0CEAB-4678-4EFF-8FCE-FBB348014E7D}.Debug|Any CPU.Build.0 = Debug|Any CPU
		{81F0CEAB-4678-4EFF-8FCE-FBB348014E7D}.Release|Any CPU.ActiveCfg = Release|Any CPU
		{81F0CEAB-4678-4EFF-8FCE-FBB348014E7D}.Release|Any CPU.Build.0 = Release|Any CPU
	EndGlobalSection
EndGlobal
